<?xml version="1.0" encoding="utf-8"?>
<Project ToolsVersion="4.0" xmlns="http://schemas.microsoft.com/developer/msbuild/2003">
  <ItemGroup>
    <ClCompile Include="..\..\src\main.cpp" />
    <ClCompile Include="..\..\src\InitialLoadingState.cpp">
      <Filter>states</Filter>
    </ClCompile>
    <ClCompile Include="..\..\src\states.cpp">
      <Filter>states</Filter>
    </ClCompile>
    <ClCompile Include="..\..\src\MainMenuState.cpp">
      <Filter>states</Filter>
    </ClCompile>
    <ClCompile Include="..\..\src\CircuitFx.cpp">
      <Filter>states\menuComponents</Filter>
    </ClCompile>
    <ClCompile Include="..\..\src\Button.cpp">
      <Filter>states\menuComponents</Filter>
    </ClCompile>
    <ClCompile Include="..\..\src\PlayState.cpp">
      <Filter>states</Filter>
    </ClCompile>
    <ClCompile Include="..\..\src\Ship.cpp">
      <Filter>entities</Filter>
    </ClCompile>
    <ClCompile Include="..\..\src\BuildState.cpp">
      <Filter>states</Filter>
    </ClCompile>
  </ItemGroup>
  <ItemGroup>
    <Filter Include="states">
      <UniqueIdentifier>{c096527f-8580-41ce-998f-96a1eaef6981}</UniqueIdentifier>
    </Filter>
    <Filter Include="states\menuComponents">
      <UniqueIdentifier>{0a9bbdaa-60ee-40e9-9398-a12e393628a4}</UniqueIdentifier>
    </Filter>
    <Filter Include="entities">
      <UniqueIdentifier>{2759f578-24c2-4385-9d00-c72a12156eaa}</UniqueIdentifier>
    </Filter>
  </ItemGroup>
  <ItemGroup>
    <ClInclude Include="..\..\src\states.h">
      <Filter>states</Filter>
    </ClInclude>
    <ClInclude Include="..\..\src\InitialLoadingState.h">
      <Filter>states</Filter>
    </ClInclude>
    <ClInclude Include="..\..\src\MainMenuState.h">
      <Filter>states</Filter>
    </ClInclude>
    <ClInclude Include="..\..\src\CircuitFx.h">
      <Filter>states\menuComponents</Filter>
    </ClInclude>
    <ClInclude Include="..\..\src\Button.h">
      <Filter>states\menuComponents</Filter>
    </ClInclude>
    <ClInclude Include="..\..\src\PlayState.h">
      <Filter>states</Filter>
    </ClInclude>
    <ClInclude Include="..\..\src\Ship.h">
      <Filter>entities</Filter>
    </ClInclude>
    <ClInclude Include="..\..\src\BuildState.h">
      <Filter>states</Filter>
    </ClInclude>
  </ItemGroup>
</Project>